
Microsoft Visual Studio Solution File, Format Version 12.00
# Visual Studio Version 17
VisualStudioVersion = 17.1.32328.378
MinimumVisualStudioVersion = 10.0.40219.1
Project("{FAE04EC0-301F-11D3-BF4B-00C04F79EFBC}") = "Test", "Test\Test.csproj", "{33C0627E-D573-4027-9109-A6C7B8D5BE9A}"
EndProject
Global
	GlobalSection(SolutionConfigurationPlatforms) = preSolution
		Debug|Any CPU = Debug|Any CPU
		Release|Any CPU = Release|Any CPU
	EndGlobalSection
	GlobalSection(ProjectConfigurationPlatforms) = postSolution
		{33C0627E-D573-4027-9109-A6C7B8D5BE9A}.Debug|Any CPU.ActiveCfg = Debug|Any CPU
		{33C0627E-D573-4027-9109-A6C7B8D5BE9A}.Debug|Any CPU.Build.0 = Debug|Any CPU
		{33C0627E-D573-4027-9109-A6C7B8D5BE9A}.Release|Any CPU.ActiveCfg = Release|Any CPU
		{33C0627E-D573-4027-9109-A6C7B8D5BE9A}.Release|Any CPU.Build.0 = Release|Any CPU
	EndGlobalSection
	GlobalSection(SolutionProperties) = preSolution
		HideSolutionNode = FALSE
	EndGlobalSection
	GlobalSection(ExtensibilityGlobals) = postSolution
		SolutionGuid = {7889DA5A-81A1-48AA-A212-702D852D1ECC}
	EndGlobalSection
EndGlobal
